
Microsoft Visual Studio Solution File, Format Version 12.00
# Visual Studio Version 17
VisualStudioVersion = 17.4.33213.308
MinimumVisualStudioVersion = 10.0.40219.1
Project("{9A19103F-16F7-4668-BE54-9A1E7A4F7556}") = "Task 1_Instructor_API", "Task 1_Instructor_API\Task 1_Instructor_API.csproj", "{56749721-424E-46FF-B9DD-6696CAFA7D5C}"
EndProject
Project("{FAE04EC0-301F-11D3-BF4B-00C04F79EFBC}") = "task2_desktop", "task2_desktop\task2_desktop.csproj", "{2C149CAF-C638-4C12-9DE5-AB6CF9DD1ABC}"
EndProject
Project("{E24C65DC-7377-472B-9ABA-BC803B73C61A}") = "task3_web", "task3_web\", "{068E3406-34E9-4C4B-A675-89AEFAB86C71}"
	ProjectSection(WebsiteProperties) = preProject
		TargetFrameworkMoniker = ".NETFramework,Version%3Dv4.0"
		Debug.AspNetCompiler.VirtualPath = "/localhost_53775"
		Debug.AspNetCompiler.PhysicalPath = "task3_web\"
		Debug.AspNetCompiler.TargetPath = "PrecompiledWeb\localhost_53775\"
		Debug.AspNetCompiler.Updateable = "true"
		Debug.AspNetCompiler.ForceOverwrite = "true"
		Debug.AspNetCompiler.FixedNames = "false"
		Debug.AspNetCompiler.Debug = "True"
		Release.AspNetCompiler.VirtualPath = "/localhost_53775"
		Release.AspNetCompiler.PhysicalPath = "task3_web\"
		Release.AspNetCompiler.TargetPath = "PrecompiledWeb\localhost_53775\"
		Release.AspNetCompiler.Updateable = "true"
		Release.AspNetCompiler.ForceOverwrite = "true"
		Release.AspNetCompiler.FixedNames = "false"
		Release.AspNetCompiler.Debug = "False"
		VWDPort = "53775"
		SlnRelativePath = "task3_web\"
	EndProjectSection
EndProject
Global
	GlobalSection(SolutionConfigurationPlatforms) = preSolution
		Debug|Any CPU = Debug|Any CPU
		Release|Any CPU = Release|Any CPU
	EndGlobalSection
	GlobalSection(ProjectConfigurationPlatforms) = postSolution
		{56749721-424E-46FF-B9DD-6696CAFA7D5C}.Debug|Any CPU.ActiveCfg = Debug|Any CPU
		{56749721-424E-46FF-B9DD-6696CAFA7D5C}.Debug|Any CPU.Build.0 = Debug|Any CPU
		{56749721-424E-46FF-B9DD-6696CAFA7D5C}.Release|Any CPU.ActiveCfg = Release|Any CPU
		{56749721-424E-46FF-B9DD-6696CAFA7D5C}.Release|Any CPU.Build.0 = Release|Any CPU
		{2C149CAF-C638-4C12-9DE5-AB6CF9DD1ABC}.Debug|Any CPU.ActiveCfg = Debug|Any CPU
		{2C149CAF-C638-4C12-9DE5-AB6CF9DD1ABC}.Debug|Any CPU.Build.0 = Debug|Any CPU
		{2C149CAF-C638-4C12-9DE5-AB6CF9DD1ABC}.Release|Any CPU.ActiveCfg = Release|Any CPU
		{2C149CAF-C638-4C12-9DE5-AB6CF9DD1ABC}.Release|Any CPU.Build.0 = Release|Any CPU
		{068E3406-34E9-4C4B-A675-89AEFAB86C71}.Debug|Any CPU.ActiveCfg = Debug|Any CPU
		{068E3406-34E9-4C4B-A675-89AEFAB86C71}.Debug|Any CPU.Build.0 = Debug|Any CPU
		{068E3406-34E9-4C4B-A675-89AEFAB86C71}.Release|Any CPU.ActiveCfg = Debug|Any CPU
		{068E3406-34E9-4C4B-A675-89AEFAB86C71}.Release|Any CPU.Build.0 = Debug|Any CPU
	EndGlobalSection
	GlobalSection(SolutionProperties) = preSolution
		HideSolutionNode = FALSE
	EndGlobalSection
	GlobalSection(ExtensibilityGlobals) = postSolution
		SolutionGuid = {43379817-A51C-4219-9C0B-838AC3BA1E90}
	EndGlobalSection
EndGlobal
