
Microsoft Visual Studio Solution File, Format Version 12.00
# Visual Studio Version 17
VisualStudioVersion = 17.4.33213.308
MinimumVisualStudioVersion = 10.0.40219.1
Project("{9A19103F-16F7-4668-BE54-9A1E7A4F7556}") = "Task 1", "Task 1\Task 1.csproj", "{B99F0A1E-9577-4A02-ABA3-756748DD9EE4}"
EndProject
Project("{FAE04EC0-301F-11D3-BF4B-00C04F79EFBC}") = "Task 2_DetailedView", "Task 2_DetailedView\Task 2_DetailedView.csproj", "{1646008D-4AEF-4B1E-BD03-0ECA38A66579}"
EndProject
Global
	GlobalSection(SolutionConfigurationPlatforms) = preSolution
		Debug|Any CPU = Debug|Any CPU
		Release|Any CPU = Release|Any CPU
	EndGlobalSection
	GlobalSection(ProjectConfigurationPlatforms) = postSolution
		{B99F0A1E-9577-4A02-ABA3-756748DD9EE4}.Debug|Any CPU.ActiveCfg = Debug|Any CPU
		{B99F0A1E-9577-4A02-ABA3-756748DD9EE4}.Debug|Any CPU.Build.0 = Debug|Any CPU
		{B99F0A1E-9577-4A02-ABA3-756748DD9EE4}.Release|Any CPU.ActiveCfg = Release|Any CPU
		{B99F0A1E-9577-4A02-ABA3-756748DD9EE4}.Release|Any CPU.Build.0 = Release|Any CPU
		{1646008D-4AEF-4B1E-BD03-0ECA38A66579}.Debug|Any CPU.ActiveCfg = Debug|Any CPU
		{1646008D-4AEF-4B1E-BD03-0ECA38A66579}.Debug|Any CPU.Build.0 = Debug|Any CPU
		{1646008D-4AEF-4B1E-BD03-0ECA38A66579}.Release|Any CPU.ActiveCfg = Release|Any CPU
		{1646008D-4AEF-4B1E-BD03-0ECA38A66579}.Release|Any CPU.Build.0 = Release|Any CPU
	EndGlobalSection
	GlobalSection(SolutionProperties) = preSolution
		HideSolutionNode = FALSE
	EndGlobalSection
	GlobalSection(ExtensibilityGlobals) = postSolution
		SolutionGuid = {D8F849FE-85F7-43DE-8BA9-F445A7A75D79}
	EndGlobalSection
EndGlobal
